
Microsoft Visual Studio Solution File, Format Version 12.00
Project("{FAE04EC0-301F-11D3-BF4B-00C04F79EFBC}") = "OauthServer", "OauthServer\OauthServer.csproj", "{93C2EC9E-8117-46DD-A188-B2A30E0FA251}"
EndProject
Project("{FAE04EC0-301F-11D3-BF4B-00C04F79EFBC}") = "ClientGenerate", "ClientGenerate\ClientGenerate.csproj", "{8CF6E896-5E92-4E8D-B8F6-C40EBD871D83}"
EndProject
Global
	GlobalSection(SolutionConfigurationPlatforms) = preSolution
		Debug|Any CPU = Debug|Any CPU
		Release|Any CPU = Release|Any CPU
	EndGlobalSection
	GlobalSection(ProjectConfigurationPlatforms) = postSolution
		{93C2EC9E-8117-46DD-A188-B2A30E0FA251}.Debug|Any CPU.ActiveCfg = Debug|Any CPU
		{93C2EC9E-8117-46DD-A188-B2A30E0FA251}.Debug|Any CPU.Build.0 = Debug|Any CPU
		{93C2EC9E-8117-46DD-A188-B2A30E0FA251}.Release|Any CPU.ActiveCfg = Release|Any CPU
		{93C2EC9E-8117-46DD-A188-B2A30E0FA251}.Release|Any CPU.Build.0 = Release|Any CPU
		{8CF6E896-5E92-4E8D-B8F6-C40EBD871D83}.Debug|Any CPU.ActiveCfg = Debug|Any CPU
		{8CF6E896-5E92-4E8D-B8F6-C40EBD871D83}.Debug|Any CPU.Build.0 = Debug|Any CPU
		{8CF6E896-5E92-4E8D-B8F6-C40EBD871D83}.Release|Any CPU.ActiveCfg = Release|Any CPU
		{8CF6E896-5E92-4E8D-B8F6-C40EBD871D83}.Release|Any CPU.Build.0 = Release|Any CPU
	EndGlobalSection
EndGlobal
